{
    "name": "twitch",
    "version": "1.0.0",
    "lockfileVersion": 1,
    "requires": true,
    "dependencies": {
        "commander": {
            "version": "1.1.1",
            "resolved": "https://registry.npmjs.org/commander/-/commander-1.1.1.tgz",
            "integrity": "sha1-UNFlGGiuYOzP8KLZ80WVN2vGsEE=",
            "requires": {
                "keypress": "0.1.x"
            }
        },
        "js": {
            "version": "0.1.0",
            "resolved": "https://registry.npmjs.org/js/-/js-0.1.0.tgz",
            "integrity": "sha1-4dCv1V6jnCso2jBOgUPq8sEz82Y=",
            "requires": {
                "commander": "~1.1.1"
            }
        },
        "keypress": {
            "version": "0.1.0",
            "resolved": "https://registry.npmjs.org/keypress/-/keypress-0.1.0.tgz",
            "integrity": "sha1-SjGI1CkbZrT2XtuZ+AaqmuKTWSo="
        },
        "node-fetch": {
            "version": "2.6.1",
            "resolved": "https://registry.npmjs.org/node-fetch/-/node-fetch-2.6.1.tgz",
            "integrity": "sha512-V4aYg89jEoVRxRb2fJdAg8FHvI7cEyYdVAh94HH0UIK8oJxUfkjlDQN9RbMx+bEjP7+ggMiFRprSti032Oipxw=="
        },
        "tmi.js": {
            "version": "1.8.3",
            "resolved": "https://registry.npmjs.org/tmi.js/-/tmi.js-1.8.3.tgz",
            "integrity": "sha512-1YAO3hwnkpAbUfVlpxcqOHP4Nun/+TqxWE/e/ZKMB6p40ZKczhI03oZW2Qx3pppqWjXz5kSjHdT/vTTfi2gCGQ==",
            "requires": {
                "node-fetch": "^2.6.1",
                "ws": "^7.4.3"
            }
        },
        "ws": {
            "version": "7.5.3",
            "resolved": "https://registry.npmjs.org/ws/-/ws-7.5.3.tgz",
            "integrity": "sha512-kQ/dHIzuLrS6Je9+uv81ueZomEwH0qVYstcAQ4/Z93K8zeko9gtAbttJWzoC5ukqXY1PpoouV3+VSOqEAFt5wg=="
        }
    }
}
