{
    "name": "twitch",
    "version": "1.0.0",
    "lockfileVersion": 1,
    "requires": true,
    "dependencies": {
        "axios": {
            "version": "0.21.4",
            "resolved": "https://registry.npmjs.org/axios/-/axios-0.21.4.tgz",
            "integrity": "sha512-ut5vewkiu8jjGBdqpM44XxjuCjq9LAKeHVmoVfHVzy8eHgxxq8SbAVQNovDA8mVi05kP0Ea/n/UzcSHcTJQfNg==",
            "requires": {
                "follow-redirects": "^1.14.0"
            }
        },
        "commander": {
            "version": "1.1.1",
            "resolved": "https://registry.npmjs.org/commander/-/commander-1.1.1.tgz",
            "integrity": "sha1-UNFlGGiuYOzP8KLZ80WVN2vGsEE=",
            "requires": {
                "keypress": "0.1.x"
            }
        },
        "dict": {
            "version": "1.4.0",
            "resolved": "https://registry.npmjs.org/dict/-/dict-1.4.0.tgz",
            "integrity": "sha1-g9h9V88MSsDYNGCESLEKbiO7/qA="
        },
        "dotenv": {
            "version": "10.0.0",
            "resolved": "https://registry.npmjs.org/dotenv/-/dotenv-10.0.0.tgz",
            "integrity": "sha512-rlBi9d8jpv9Sf1klPjNfFAuWDjKLwTIJJ/VxtoTwIR6hnZxcEOQCZg2oIL3MWBYw5GpUDKOEnND7LXTbIpQ03Q=="
        },
        "epic-free-games": {
            "version": "2.1.5",
            "resolved": "https://registry.npmjs.org/epic-free-games/-/epic-free-games-2.1.5.tgz",
            "integrity": "sha512-udYWGOo7oi76x6rztbb+oQuu2l2jxtEWhtS/pSP8k2eKFSj80M6mZ7YL5Lri5+u9L+FfuyWoYXlJbT4oMWKLGQ==",
            "requires": {
                "axios": "^0.21.1"
            }
        },
        "follow-redirects": {
            "version": "1.14.3",
            "resolved": "https://registry.npmjs.org/follow-redirects/-/follow-redirects-1.14.3.tgz",
            "integrity": "sha512-3MkHxknWMUtb23apkgz/83fDoe+y+qr0TdgacGIA7bew+QLBo3vdgEN2xEsuXNivpFy4CyDhBBZnNZOtalmenw=="
        },
        "js": {
            "version": "0.1.0",
            "resolved": "https://registry.npmjs.org/js/-/js-0.1.0.tgz",
            "integrity": "sha1-4dCv1V6jnCso2jBOgUPq8sEz82Y=",
            "requires": {
                "commander": "~1.1.1"
            }
        },
        "keypress": {
            "version": "0.1.0",
            "resolved": "https://registry.npmjs.org/keypress/-/keypress-0.1.0.tgz",
            "integrity": "sha1-SjGI1CkbZrT2XtuZ+AaqmuKTWSo="
        },
        "node-fetch": {
            "version": "2.6.1",
            "resolved": "https://registry.npmjs.org/node-fetch/-/node-fetch-2.6.1.tgz",
            "integrity": "sha512-V4aYg89jEoVRxRb2fJdAg8FHvI7cEyYdVAh94HH0UIK8oJxUfkjlDQN9RbMx+bEjP7+ggMiFRprSti032Oipxw=="
        },
        "tmi.js": {
            "version": "1.8.3",
            "resolved": "https://registry.npmjs.org/tmi.js/-/tmi.js-1.8.3.tgz",
            "integrity": "sha512-1YAO3hwnkpAbUfVlpxcqOHP4Nun/+TqxWE/e/ZKMB6p40ZKczhI03oZW2Qx3pppqWjXz5kSjHdT/vTTfi2gCGQ==",
            "requires": {
                "node-fetch": "^2.6.1",
                "ws": "^7.4.3"
            }
        },
        "ws": {
            "version": "7.5.3",
            "resolved": "https://registry.npmjs.org/ws/-/ws-7.5.3.tgz",
            "integrity": "sha512-kQ/dHIzuLrS6Je9+uv81ueZomEwH0qVYstcAQ4/Z93K8zeko9gtAbttJWzoC5ukqXY1PpoouV3+VSOqEAFt5wg=="
        }
    }
}
